
Microsoft Visual Studio Solution File, Format Version 12.00
# Visual Studio Version 16
VisualStudioVersion = 16.0.31005.135
MinimumVisualStudioVersion = 10.0.40219.1
Project("{FAE04EC0-301F-11D3-BF4B-00C04F79EFBC}") = "EECS 448 - Project 1", "EECS 448 - Project 1\EECS 448 - Project 1.csproj", "{A567CC3E-059C-4D9C-80B8-EADDCAC69708}"
EndProject
Global
	GlobalSection(SolutionConfigurationPlatforms) = preSolution
		Debug|Any CPU = Debug|Any CPU
		Release|Any CPU = Release|Any CPU
	EndGlobalSection
	GlobalSection(ProjectConfigurationPlatforms) = postSolution
		{A567CC3E-059C-4D9C-80B8-EADDCAC69708}.Debug|Any CPU.ActiveCfg = Debug|Any CPU
		{A567CC3E-059C-4D9C-80B8-EADDCAC69708}.Debug|Any CPU.Build.0 = Debug|Any CPU
		{A567CC3E-059C-4D9C-80B8-EADDCAC69708}.Release|Any CPU.ActiveCfg = Release|Any CPU
		{A567CC3E-059C-4D9C-80B8-EADDCAC69708}.Release|Any CPU.Build.0 = Release|Any CPU
	EndGlobalSection
	GlobalSection(SolutionProperties) = preSolution
		HideSolutionNode = FALSE
	EndGlobalSection
	GlobalSection(ExtensibilityGlobals) = postSolution
		SolutionGuid = {A5493FE2-A3A9-47C6-AD3D-44B7EDD538D2}
	EndGlobalSection
EndGlobal
